
Microsoft Visual Studio Solution File, Format Version 12.00
# Visual Studio 15
VisualStudioVersion = 15.0.28010.2016
MinimumVisualStudioVersion = 10.0.40219.1
Project("{FAE04EC0-301F-11D3-BF4B-00C04F79EFBC}") = "Task1", "Task1\Task1.csproj", "{0EEF34ED-0C4D-40AC-8994-B3DC1260DC1C}"
EndProject
Global
	GlobalSection(SolutionConfigurationPlatforms) = preSolution
		Debug|Any CPU = Debug|Any CPU
		Release|Any CPU = Release|Any CPU
	EndGlobalSection
	GlobalSection(ProjectConfigurationPlatforms) = postSolution
		{0EEF34ED-0C4D-40AC-8994-B3DC1260DC1C}.Debug|Any CPU.ActiveCfg = Debug|Any CPU
		{0EEF34ED-0C4D-40AC-8994-B3DC1260DC1C}.Debug|Any CPU.Build.0 = Debug|Any CPU
		{0EEF34ED-0C4D-40AC-8994-B3DC1260DC1C}.Release|Any CPU.ActiveCfg = Release|Any CPU
		{0EEF34ED-0C4D-40AC-8994-B3DC1260DC1C}.Release|Any CPU.Build.0 = Release|Any CPU
	EndGlobalSection
	GlobalSection(SolutionProperties) = preSolution
		HideSolutionNode = FALSE
	EndGlobalSection
	GlobalSection(ExtensibilityGlobals) = postSolution
		SolutionGuid = {38EBB3EC-5390-4FA2-8998-A0623A0BA107}
	EndGlobalSection
EndGlobal
